// !$*UTF8*$!
{
	archiveVersion = 1;
	classes = {
	};
	objectVersion = 48;
	objects = {

/* Begin PBXBuildFile section */
		441392091FF8EA8700C966B7 /* AppDelegate.swift in Sources */ = {isa = PBXBuildFile; fileRef = 441392081FF8EA8700C966B7 /* AppDelegate.swift */; };
		4413920B1FF8EA8700C966B7 /* ViewController.swift in Sources */ = {isa = PBXBuildFile; fileRef = 4413920A1FF8EA8700C966B7 /* ViewController.swift */; };
		4413920E1FF8EA8700C966B7 /* Main.storyboard in Resources */ = {isa = PBXBuildFile; fileRef = 4413920C1FF8EA8700C966B7 /* Main.storyboard */; };
		441392101FF8EA8700C966B7 /* Assets.xcassets in Resources */ = {isa = PBXBuildFile; fileRef = 4413920F1FF8EA8700C966B7 /* Assets.xcassets */; };
		441392131FF8EA8700C966B7 /* LaunchScreen.storyboard in Resources */ = {isa = PBXBuildFile; fileRef = 441392111FF8EA8700C966B7 /* LaunchScreen.storyboard */; };
		4413921E1FF8EA8700C966B7 /* QuizTests.swift in Sources */ = {isa = PBXBuildFile; fileRef = 4413921D1FF8EA8700C966B7 /* QuizTests.swift */; };
		441392291FF8EA8700C966B7 /* QuizUITests.swift in Sources */ = {isa = PBXBuildFile; fileRef = 441392281FF8EA8700C966B7 /* QuizUITests.swift */; };
/* End PBXBuildFile section */

/* Begin PBXContainerItemProxy section */
		4413921A1FF8EA8700C966B7 /* PBXContainerItemProxy */ = {
			isa = PBXContainerItemProxy;
			containerPortal = 441391FD1FF8EA8700C966B7 /* Project object */;
			proxyType = 1;
			remoteGlobalIDString = 441392041FF8EA8700C966B7;
			remoteInfo = Quiz;
		};
		441392251FF8EA8700C966B7 /* PBXContainerItemProxy */ = {
			isa = PBXContainerItemProxy;
			containerPortal = 441391FD1FF8EA8700C966B7 /* Project object */;
			proxyType = 1;
			remoteGlobalIDString = 441392041FF8EA8700C966B7;
			remoteInfo = Quiz;
		};
/* End PBXContainerItemProxy section */

/* Begin PBXFileReference section */
		441392051FF8EA8700C966B7 /* Quiz.app */ = {isa = PBXFileReference; explicitFileType = wrapper.application; includeInIndex = 0; path = Quiz.app; sourceTree = BUILT_PRODUCTS_DIR; };
		441392081FF8EA8700C966B7 /* AppDelegate.swift */ = {isa = PBXFileReference; lastKnownFileType = sourcecode.swift; path = AppDelegate.swift; sourceTree = "<group>"; };
		4413920A1FF8EA8700C966B7 /* ViewController.swift */ = {isa = PBXFileReference; lastKnownFileType = sourcecode.swift; path = ViewController.swift; sourceTree = "<group>"; };
		4413920D1FF8EA8700C966B7 /* Base */ = {isa = PBXFileReference; lastKnownFileType = file.storyboard; name = Base; path = Base.lproj/Main.storyboard; sourceTree = "<group>"; };
		4413920F1FF8EA8700C966B7 /* Assets.xcassets */ = {isa = PBXFileReference; lastKnownFileType = folder.assetcatalog; path = Assets.xcassets; sourceTree = "<group>"; };
		441392121FF8EA8700C966B7 /* Base */ = {isa = PBXFileReference; lastKnownFileType = file.storyboard; name = Base; path = Base.lproj/LaunchScreen.storyboard; sourceTree = "<group>"; };
		441392141FF8EA8700C966B7 /* Info.plist */ = {isa = PBXFileReference; lastKnownFileType = text.plist.xml; path = Info.plist; sourceTree = "<group>"; };
		441392191FF8EA8700C966B7 /* QuizTests.xctest */ = {isa = PBXFileReference; explicitFileType = wrapper.cfbundle; includeInIndex = 0; path = QuizTests.xctest; sourceTree = BUILT_PRODUCTS_DIR; };
		4413921D1FF8EA8700C966B7 /* QuizTests.swift */ = {isa = PBXFileReference; lastKnownFileType = sourcecode.swift; path = QuizTests.swift; sourceTree = "<group>"; };
		4413921F1FF8EA8700C966B7 /* Info.plist */ = {isa = PBXFileReference; lastKnownFileType = text.plist.xml; path = Info.plist; sourceTree = "<group>"; };
		441392241FF8EA8700C966B7 /* QuizUITests.xctest */ = {isa = PBXFileReference; explicitFileType = wrapper.cfbundle; includeInIndex = 0; path = QuizUITests.xctest; sourceTree = BUILT_PRODUCTS_DIR; };
		441392281FF8EA8700C966B7 /* QuizUITests.swift */ = {isa = PBXFileReference; lastKnownFileType = sourcecode.swift; path = QuizUITests.swift; sourceTree = "<group>"; };
		4413922A1FF8EA8700C966B7 /* Info.plist */ = {isa = PBXFileReference; lastKnownFileType = text.plist.xml; path = Info.plist; sourceTree = "<group>"; };
/* End PBXFileReference section */

/* Begin PBXFrameworksBuildPhase section */
		441392021FF8EA8700C966B7 /* Frameworks */ = {
			isa = PBXFrameworksBuildPhase;
			buildActionMask = 2147483647;
			files = (
			);
			runOnlyForDeploymentPostprocessing = 0;
		};
		441392161FF8EA8700C966B7 /* Frameworks */ = {
			isa = PBXFrameworksBuildPhase;
			buildActionMask = 2147483647;
			files = (
			);
			runOnlyForDeploymentPostprocessing = 0;
		};
		441392211FF8EA8700C966B7 /* Frameworks */ = {
			isa = PBXFrameworksBuildPhase;
			buildActionMask = 2147483647;
			files = (
			);
			runOnlyForDeploymentPostprocessing = 0;
		};
/* End PBXFrameworksBuildPhase section */

/* Begin PBXGroup section */
		441391FC1FF8EA8700C966B7 = {
			isa = PBXGroup;
			children = (
				441392071FF8EA8700C966B7 /* Quiz */,
				4413921C1FF8EA8700C966B7 /* QuizTests */,
				441392271FF8EA8700C966B7 /* QuizUITests */,
				441392061FF8EA8700C966B7 /* Products */,
			);
			sourceTree = "<group>";
		};
		441392061FF8EA8700C966B7 /* Products */ = {
			isa = PBXGroup;
			children = (
				441392051FF8EA8700C966B7 /* Quiz.app */,
				441392191FF8EA8700C966B7 /* QuizTests.xctest */,
				441392241FF8EA8700C966B7 /* QuizUITests.xctest */,
			);
			name = Products;
			sourceTree = "<group>";
		};
		441392071FF8EA8700C966B7 /* Quiz */ = {
			isa = PBXGroup;
			children = (
				441392081FF8EA8700C966B7 /* AppDelegate.swift */,
				4413920A1FF8EA8700C966B7 /* ViewController.swift */,
				4413920C1FF8EA8700C966B7 /* Main.storyboard */,
				4413920F1FF8EA8700C966B7 /* Assets.xcassets */,
				441392111FF8EA8700C966B7 /* LaunchScreen.storyboard */,
				441392141FF8EA8700C966B7 /* Info.plist */,
			);
			path = Quiz;
			sourceTree = "<group>";
		};
		4413921C1FF8EA8700C966B7 /* QuizTests */ = {
			isa = PBXGroup;
			children = (
				4413921D1FF8EA8700C966B7 /* QuizTests.swift */,
				4413921F1FF8EA8700C966B7 /* Info.plist */,
			);
			path = QuizTests;
			sourceTree = "<group>";
		};
		441392271FF8EA8700C966B7 /* QuizUITests */ = {
			isa = PBXGroup;
			children = (
				441392281FF8EA8700C966B7 /* QuizUITests.swift */,
				4413922A1FF8EA8700C966B7 /* Info.plist */,
			);
			path = QuizUITests;
			sourceTree = "<group>";
		};
/* End PBXGroup section */

/* Begin PBXNativeTarget section */
		441392041FF8EA8700C966B7 /* Quiz */ = {
			isa = PBXNativeTarget;
			buildConfigurationList = 4413922D1FF8EA8700C966B7 /* Build configuration list for PBXNativeTarget "Quiz" */;
			buildPhases = (
				441392011FF8EA8700C966B7 /* Sources */,
				441392021FF8EA8700C966B7 /* Frameworks */,
				441392031FF8EA8700C966B7 /* Resources */,
			);
			buildRules = (
			);
			dependencies = (
			);
			name = Quiz;
			productName = Quiz;
			productReference = 441392051FF8EA8700C966B7 /* Quiz.app */;
			productType = "com.apple.product-type.application";
		};
		441392181FF8EA8700C966B7 /* QuizTests */ = {
			isa = PBXNativeTarget;
			buildConfigurationList = 441392301FF8EA8700C966B7 /* Build configuration list for PBXNativeTarget "QuizTests" */;
			buildPhases = (
				441392151FF8EA8700C966B7 /* Sources */,
				441392161FF8EA8700C966B7 /* Frameworks */,
				441392171FF8EA8700C966B7 /* Resources */,
			);
			buildRules = (
			);
			dependencies = (
				4413921B1FF8EA8700C966B7 /* PBXTargetDependency */,
			);
			name = QuizTests;
			productName = QuizTests;
			productReference = 441392191FF8EA8700C966B7 /* QuizTests.xctest */;
			productType = "com.apple.product-type.bundle.unit-test";
		};
		441392231FF8EA8700C966B7 /* QuizUITests */ = {
			isa = PBXNativeTarget;
			buildConfigurationList = 441392331FF8EA8700C966B7 /* Build configuration list for PBXNativeTarget "QuizUITests" */;
			buildPhases = (
				441392201FF8EA8700C966B7 /* Sources */,
				441392211FF8EA8700C966B7 /* Frameworks */,
				441392221FF8EA8700C966B7 /* Resources */,
			);
			buildRules = (
			);
			dependencies = (
				441392261FF8EA8700C966B7 /* PBXTargetDependency */,
			);
			name = QuizUITests;
			productName = QuizUITests;
			productReference = 441392241FF8EA8700C966B7 /* QuizUITests.xctest */;
			productType = "com.apple.product-type.bundle.ui-testing";
		};
/* End PBXNativeTarget section */

/* Begin PBXProject section */
		441391FD1FF8EA8700C966B7 /* Project object */ = {
			isa = PBXProject;
			attributes = {
				LastSwiftUpdateCheck = 0920;
				LastUpgradeCheck = 0920;
				ORGANIZATIONNAME = "Masliev Ilya";
				TargetAttributes = {
					441392041FF8EA8700C966B7 = {
						CreatedOnToolsVersion = 9.2;
						ProvisioningStyle = Manual;
					};
					441392181FF8EA8700C966B7 = {
						CreatedOnToolsVersion = 9.2;
						ProvisioningStyle = Automatic;
						TestTargetID = 441392041FF8EA8700C966B7;
					};
					441392231FF8EA8700C966B7 = {
						CreatedOnToolsVersion = 9.2;
						ProvisioningStyle = Automatic;
						TestTargetID = 441392041FF8EA8700C966B7;
					};
				};
			};
			buildConfigurationList = 441392001FF8EA8700C966B7 /* Build configuration list for PBXProject "Quiz" */;
			compatibilityVersion = "Xcode 8.0";
			developmentRegion = en;
			hasScannedForEncodings = 0;
			knownRegions = (
				en,
				Base,
			);
			mainGroup = 441391FC1FF8EA8700C966B7;
			productRefGroup = 441392061FF8EA8700C966B7 /* Products */;
			projectDirPath = "";
			projectRoot = "";
			targets = (
				441392041FF8EA8700C966B7 /* Quiz */,
				441392181FF8EA8700C966B7 /* QuizTests */,
				441392231FF8EA8700C966B7 /* QuizUITests */,
			);
		};
/* End PBXProject section */

/* Begin PBXResourcesBuildPhase section */
		441392031FF8EA8700C966B7 /* Resources */ = {
			isa = PBXResourcesBuildPhase;
			buildActionMask = 2147483647;
			files = (
				441392131FF8EA8700C966B7 /* LaunchScreen.storyboard in Resources */,
				441392101FF8EA8700C966B7 /* Assets.xcassets in Resources */,
				4413920E1FF8EA8700C966B7 /* Main.storyboard in Resources */,
			);
			runOnlyForDeploymentPostprocessing = 0;
		};
		441392171FF8EA8700C966B7 /* Resources */ = {
			isa = PBXResourcesBuildPhase;
			buildActionMask = 2147483647;
			files = (
			);
			runOnlyForDeploymentPostprocessing = 0;
		};
		441392221FF8EA8700C966B7 /* Resources */ = {
			isa = PBXResourcesBuildPhase;
			buildActionMask = 2147483647;
			files = (
			);
			runOnlyForDeploymentPostprocessing = 0;
		};
/* End PBXResourcesBuildPhase section */

/* Begin PBXSourcesBuildPhase section */
		441392011FF8EA8700C966B7 /* Sources */ = {
			isa = PBXSourcesBuildPhase;
			buildActionMask = 2147483647;
			files = (
				4413920B1FF8EA8700C966B7 /* ViewController.swift in Sources */,
				441392091FF8EA8700C966B7 /* AppDelegate.swift in Sources */,
			);
			runOnlyForDeploymentPostprocessing = 0;
		};
		441392151FF8EA8700C966B7 /* Sources */ = {
			isa = PBXSourcesBuildPhase;
			buildActionMask = 2147483647;
			files = (
				4413921E1FF8EA8700C966B7 /* QuizTests.swift in Sources */,
			);
			runOnlyForDeploymentPostprocessing = 0;
		};
		441392201FF8EA8700C966B7 /* Sources */ = {
			isa = PBXSourcesBuildPhase;
			buildActionMask = 2147483647;
			files = (
				441392291FF8EA8700C966B7 /* QuizUITests.swift in Sources */,
			);
			runOnlyForDeploymentPostprocessing = 0;
		};
/* End PBXSourcesBuildPhase section */

/* Begin PBXTargetDependency section */
		4413921B1FF8EA8700C966B7 /* PBXTargetDependency */ = {
			isa = PBXTargetDependency;
			target = 441392041FF8EA8700C966B7 /* Quiz */;
			targetProxy = 4413921A1FF8EA8700C966B7 /* PBXContainerItemProxy */;
		};
		441392261FF8EA8700C966B7 /* PBXTargetDependency */ = {
			isa = PBXTargetDependency;
			target = 441392041FF8EA8700C966B7 /* Quiz */;
			targetProxy = 441392251FF8EA8700C966B7 /* PBXContainerItemProxy */;
		};
/* End PBXTargetDependency section */

/* Begin PBXVariantGroup section */
		4413920C1FF8EA8700C966B7 /* Main.storyboard */ = {
			isa = PBXVariantGroup;
			children = (
				4413920D1FF8EA8700C966B7 /* Base */,
			);
			name = Main.storyboard;
			sourceTree = "<group>";
		};
		441392111FF8EA8700C966B7 /* LaunchScreen.storyboard */ = {
			isa = PBXVariantGroup;
			children = (
				441392121FF8EA8700C966B7 /* Base */,
			);
			name = LaunchScreen.storyboard;
			sourceTree = "<group>";
		};
/* End PBXVariantGroup section */

/* Begin XCBuildConfiguration section */
		4413922B1FF8EA8700C966B7 /* Debug */ = {
			isa = XCBuildConfiguration;
			buildSettings = {
				ALWAYS_SEARCH_USER_PATHS = NO;
				CLANG_ANALYZER_NONNULL = YES;
				CLANG_ANALYZER_NUMBER_OBJECT_CONVERSION = YES_AGGRESSIVE;
				CLANG_CXX_LANGUAGE_STANDARD = "gnu++14";
				CLANG_CXX_LIBRARY = "libc++";
				CLANG_ENABLE_MODULES = YES;
				CLANG_ENABLE_OBJC_ARC = YES;
				CLANG_WARN_BLOCK_CAPTURE_AUTORELEASING = YES;
				CLANG_WARN_BOOL_CONVERSION = YES;
				CLANG_WARN_COMMA = YES;
				CLANG_WARN_CONSTANT_CONVERSION = YES;
				CLANG_WARN_DIRECT_OBJC_ISA_USAGE = YES_ERROR;
				CLANG_WARN_DOCUMENTATION_COMMENTS = YES;
				CLANG_WARN_EMPTY_BODY = YES;
				CLANG_WARN_ENUM_CONVERSION = YES;
				CLANG_WARN_INFINITE_RECURSION = YES;
				CLANG_WARN_INT_CONVERSION = YES;
				CLANG_WARN_NON_LITERAL_NULL_CONVERSION = YES;
				CLANG_WARN_OBJC_LITERAL_CONVERSION = YES;
				CLANG_WARN_OBJC_ROOT_CLASS = YES_ERROR;
				CLANG_WARN_RANGE_LOOP_ANALYSIS = YES;
				CLANG_WARN_STRICT_PROTOTYPES = YES;
				CLANG_WARN_SUSPICIOUS_MOVE = YES;
				CLANG_WARN_UNGUARDED_AVAILABILITY = YES_AGGRESSIVE;
				CLANG_WARN_UNREACHABLE_CODE = YES;
				CLANG_WARN__DUPLICATE_METHOD_MATCH = YES;
				CODE_SIGN_IDENTITY = "iPhone Developer";
				COPY_PHASE_STRIP = NO;
				DEBUG_INFORMATION_FORMAT = dwarf;
				ENABLE_STRICT_OBJC_MSGSEND = YES;
				ENABLE_TESTABILITY = YES;
				GCC_C_LANGUAGE_STANDARD = gnu11;
				GCC_DYNAMIC_NO_PIC = NO;
				GCC_NO_COMMON_BLOCKS = YES;
				GCC_OPTIMIZATION_LEVEL = 0;
				GCC_PREPROCESSOR_DEFINITIONS = (
					"DEBUG=1",
					"$(inherited)",
				);
				GCC_WARN_64_TO_32_BIT_CONVERSION = YES;
				GCC_WARN_ABOUT_RETURN_TYPE = YES_ERROR;
				GCC_WARN_UNDECLARED_SELECTOR = YES;
				GCC_WARN_UNINITIALIZED_AUTOS = YES_AGGRESSIVE;
				GCC_WARN_UNUSED_FUNCTION = YES;
				GCC_WARN_UNUSED_VARIABLE = YES;
				IPHONEOS_DEPLOYMENT_TARGET = 11.2;
				MTL_ENABLE_DEBUG_INFO = YES;
				ONLY_ACTIVE_ARCH = YES;
				SDKROOT = iphoneos;
				SWIFT_ACTIVE_COMPILATION_CONDITIONS = DEBUG;
				SWIFT_OPTIMIZATION_LEVEL = "-Onone";
			};
			name = Debug;
		};
		4413922C1FF8EA8700C966B7 /* Release */ = {
			isa = XCBuildConfiguration;
			buildSettings = {
				ALWAYS_SEARCH_USER_PATHS = NO;
				CLANG_ANALYZER_NONNULL = YES;
				CLANG_ANALYZER_NUMBER_OBJECT_CONVERSION = YES_AGGRESSIVE;
				CLANG_CXX_LANGUAGE_STANDARD = "gnu++14";
				CLANG_CXX_LIBRARY = "libc++";
				CLANG_ENABLE_MODULES = YES;
				CLANG_ENABLE_OBJC_ARC = YES;
				CLANG_WARN_BLOCK_CAPTURE_AUTORELEASING = YES;
				CLANG_WARN_BOOL_CONVERSION = YES;
				CLANG_WARN_COMMA = YES;
				CLANG_WARN_CONSTANT_CONVERSION = YES;
				CLANG_WARN_DIRECT_OBJC_ISA_USAGE = YES_ERROR;
				CLANG_WARN_DOCUMENTATION_COMMENTS = YES;
				CLANG_WARN_EMPTY_BODY = YES;
				CLANG_WARN_ENUM_CONVERSION = YES;
				CLANG_WARN_INFINITE_RECURSION = YES;
				CLANG_WARN_INT_CONVERSION = YES;
				CLANG_WARN_NON_LITERAL_NULL_CONVERSION = YES;
				CLANG_WARN_OBJC_LITERAL_CONVERSION = YES;
				CLANG_WARN_OBJC_ROOT_CLASS = YES_ERROR;
				CLANG_WARN_RANGE_LOOP_ANALYSIS = YES;
				CLANG_WARN_STRICT_PROTOTYPES = YES;
				CLANG_WARN_SUSPICIOUS_MOVE = YES;
				CLANG_WARN_UNGUARDED_AVAILABILITY = YES_AGGRESSIVE;
				CLANG_WARN_UNREACHABLE_CODE = YES;
				CLANG_WARN__DUPLICATE_METHOD_MATCH = YES;
				CODE_SIGN_IDENTITY = "iPhone Developer";
				COPY_PHASE_STRIP = NO;
				DEBUG_INFORMATION_FORMAT = "dwarf-with-dsym";
				ENABLE_NS_ASSERTIONS = NO;
				ENABLE_STRICT_OBJC_MSGSEND = YES;
				GCC_C_LANGUAGE_STANDARD = gnu11;
				GCC_NO_COMMON_BLOCKS = YES;
				GCC_WARN_64_TO_32_BIT_CONVERSION = YES;
				GCC_WARN_ABOUT_RETURN_TYPE = YES_ERROR;
				GCC_WARN_UNDECLARED_SELECTOR = YES;
				GCC_WARN_UNINITIALIZED_AUTOS = YES_AGGRESSIVE;
				GCC_WARN_UNUSED_FUNCTION = YES;
				GCC_WARN_UNUSED_VARIABLE = YES;
				IPHONEOS_DEPLOYMENT_TARGET = 11.2;
				MTL_ENABLE_DEBUG_INFO = NO;
				SDKROOT = iphoneos;
				SWIFT_OPTIMIZATION_LEVEL = "-Owholemodule";
				VALIDATE_PRODUCT = YES;
			};
			name = Release;
		};
		4413922E1FF8EA8700C966B7 /* Debug */ = {
			isa = XCBuildConfiguration;
			buildSettings = {
				ASSETCATALOG_COMPILER_APPICON_NAME = AppIcon;
				CODE_SIGN_STYLE = Manual;
				DEVELOPMENT_TEAM = "";
				INFOPLIST_FILE = Quiz/Info.plist;
				LD_RUNPATH_SEARCH_PATHS = "$(inherited) @executable_path/Frameworks";
				PRODUCT_BUNDLE_IDENTIFIER = MaslievTeh.Quiz;
				PRODUCT_NAME = "$(TARGET_NAME)";
				PROVISIONING_PROFILE_SPECIFIER = "";
				SWIFT_VERSION = 4.0;
				TARGETED_DEVICE_FAMILY = "1,2";
			};
			name = Debug;
		};
		4413922F1FF8EA8700C966B7 /* Release */ = {
			isa = XCBuildConfiguration;
			buildSettings = {
				ASSETCATALOG_COMPILER_APPICON_NAME = AppIcon;
				CODE_SIGN_STYLE = Manual;
				DEVELOPMENT_TEAM = "";
				INFOPLIST_FILE = Quiz/Info.plist;
				LD_RUNPATH_SEARCH_PATHS = "$(inherited) @executable_path/Frameworks";
				PRODUCT_BUNDLE_IDENTIFIER = MaslievTeh.Quiz;
				PRODUCT_NAME = "$(TARGET_NAME)";
				PROVISIONING_PROFILE_SPECIFIER = "";
				SWIFT_VERSION = 4.0;
				TARGETED_DEVICE_FAMILY = "1,2";
			};
			name = Release;
		};
		441392311FF8EA8700C966B7 /* Debug */ = {
			isa = XCBuildConfiguration;
			buildSettings = {
				ALWAYS_EMBED_SWIFT_STANDARD_LIBRARIES = YES;
				BUNDLE_LOADER = "$(TEST_HOST)";
				CODE_SIGN_STYLE = Automatic;
				INFOPLIST_FILE = QuizTests/Info.plist;
				LD_RUNPATH_SEARCH_PATHS = "$(inherited) @executable_path/Frameworks @loader_path/Frameworks";
				PRODUCT_BUNDLE_IDENTIFIER = MaslievTeh.QuizTests;
				PRODUCT_NAME = "$(TARGET_NAME)";
				SWIFT_VERSION = 4.0;
				TARGETED_DEVICE_FAMILY = "1,2";
				TEST_HOST = "$(BUILT_PRODUCTS_DIR)/Quiz.app/Quiz";
			};
			name = Debug;
		};
		441392321FF8EA8700C966B7 /* Release */ = {
			isa = XCBuildConfiguration;
			buildSettings = {
				ALWAYS_EMBED_SWIFT_STANDARD_LIBRARIES = YES;
				BUNDLE_LOADER = "$(TEST_HOST)";
				CODE_SIGN_STYLE = Automatic;
				INFOPLIST_FILE = QuizTests/Info.plist;
				LD_RUNPATH_SEARCH_PATHS = "$(inherited) @executable_path/Frameworks @loader_path/Frameworks";
				PRODUCT_BUNDLE_IDENTIFIER = MaslievTeh.QuizTests;
				PRODUCT_NAME = "$(TARGET_NAME)";
				SWIFT_VERSION = 4.0;
				TARGETED_DEVICE_FAMILY = "1,2";
				TEST_HOST = "$(BUILT_PRODUCTS_DIR)/Quiz.app/Quiz";
			};
			name = Release;
		};
		441392341FF8EA8700C966B7 /* Debug */ = {
			isa = XCBuildConfiguration;
			buildSettings = {
				ALWAYS_EMBED_SWIFT_STANDARD_LIBRARIES = YES;
				CODE_SIGN_STYLE = Automatic;
				INFOPLIST_FILE = QuizUITests/Info.plist;
				LD_RUNPATH_SEARCH_PATHS = "$(inherited) @executable_path/Frameworks @loader_path/Frameworks";
				PRODUCT_BUNDLE_IDENTIFIER = MaslievTeh.QuizUITests;
				PRODUCT_NAME = "$(TARGET_NAME)";
				SWIFT_VERSION = 4.0;
				TARGETED_DEVICE_FAMILY = "1,2";
				TEST_TARGET_NAME = Quiz;
			};
			name = Debug;
		};
		441392351FF8EA8700C966B7 /* Release */ = {
			isa = XCBuildConfiguration;
			buildSettings = {
				ALWAYS_EMBED_SWIFT_STANDARD_LIBRARIES = YES;
				CODE_SIGN_STYLE = Automatic;
				INFOPLIST_FILE = QuizUITests/Info.plist;
				LD_RUNPATH_SEARCH_PATHS = "$(inherited) @executable_path/Frameworks @loader_path/Frameworks";
				PRODUCT_BUNDLE_IDENTIFIER = MaslievTeh.QuizUITests;
				PRODUCT_NAME = "$(TARGET_NAME)";
				SWIFT_VERSION = 4.0;
				TARGETED_DEVICE_FAMILY = "1,2";
				TEST_TARGET_NAME = Quiz;
			};
			name = Release;
		};
/* End XCBuildConfiguration section */

/* Begin XCConfigurationList section */
		441392001FF8EA8700C966B7 /* Build configuration list for PBXProject "Quiz" */ = {
			isa = XCConfigurationList;
			buildConfigurations = (
				4413922B1FF8EA8700C966B7 /* Debug */,
				4413922C1FF8EA8700C966B7 /* Release */,
			);
			defaultConfigurationIsVisible = 0;
			defaultConfigurationName = Release;
		};
		4413922D1FF8EA8700C966B7 /* Build configuration list for PBXNativeTarget "Quiz" */ = {
			isa = XCConfigurationList;
			buildConfigurations = (
				4413922E1FF8EA8700C966B7 /* Debug */,
				4413922F1FF8EA8700C966B7 /* Release */,
			);
			defaultConfigurationIsVisible = 0;
			defaultConfigurationName = Release;
		};
		441392301FF8EA8700C966B7 /* Build configuration list for PBXNativeTarget "QuizTests" */ = {
			isa = XCConfigurationList;
			buildConfigurations = (
				441392311FF8EA8700C966B7 /* Debug */,
				441392321FF8EA8700C966B7 /* Release */,
			);
			defaultConfigurationIsVisible = 0;
			defaultConfigurationName = Release;
		};
		441392331FF8EA8700C966B7 /* Build configuration list for PBXNativeTarget "QuizUITests" */ = {
			isa = XCConfigurationList;
			buildConfigurations = (
				441392341FF8EA8700C966B7 /* Debug */,
				441392351FF8EA8700C966B7 /* Release */,
			);
			defaultConfigurationIsVisible = 0;
			defaultConfigurationName = Release;
		};
/* End XCConfigurationList section */
	};
	rootObject = 441391FD1FF8EA8700C966B7 /* Project object */;
}
